// !$*UTF8*$!
{
	archiveVersion = 1;
	classes = {
	};
	objectVersion = 56;
	objects = {

/* Begin PBXBuildFile section */
		793A5BA22B6768C000D6F009 /* about_meApp.swift in Sources */ = {isa = PBXBuildFile; fileRef = 793A5BA12B6768C000D6F009 /* about_meApp.swift */; };
		793A5BA42B6768C000D6F009 /* ContentView.swift in Sources */ = {isa = PBXBuildFile; fileRef = 793A5BA32B6768C000D6F009 /* ContentView.swift */; };
		793A5BA62B6768C100D6F009 /* Assets.xcassets in Resources */ = {isa = PBXBuildFile; fileRef = 793A5BA52B6768C100D6F009 /* Assets.xcassets */; };
		793A5BAA2B6768C100D6F009 /* Preview Assets.xcassets in Resources */ = {isa = PBXBuildFile; fileRef = 793A5BA92B6768C100D6F009 /* Preview Assets.xcassets */; };
		793A5BB42B6768C100D6F009 /* about_meTests.swift in Sources */ = {isa = PBXBuildFile; fileRef = 793A5BB32B6768C100D6F009 /* about_meTests.swift */; };
		793A5BBE2B6768C100D6F009 /* about_meUITests.swift in Sources */ = {isa = PBXBuildFile; fileRef = 793A5BBD2B6768C100D6F009 /* about_meUITests.swift */; };
		793A5BC02B6768C100D6F009 /* about_meUITestsLaunchTests.swift in Sources */ = {isa = PBXBuildFile; fileRef = 793A5BBF2B6768C100D6F009 /* about_meUITestsLaunchTests.swift */; };
/* End PBXBuildFile section */

/* Begin PBXContainerItemProxy section */
		793A5BB02B6768C100D6F009 /* PBXContainerItemProxy */ = {
			isa = PBXContainerItemProxy;
			containerPortal = 793A5B962B6768C000D6F009 /* Project object */;
			proxyType = 1;
			remoteGlobalIDString = 793A5B9D2B6768C000D6F009;
			remoteInfo = "about-me";
		};
		793A5BBA2B6768C100D6F009 /* PBXContainerItemProxy */ = {
			isa = PBXContainerItemProxy;
			containerPortal = 793A5B962B6768C000D6F009 /* Project object */;
			proxyType = 1;
			remoteGlobalIDString = 793A5B9D2B6768C000D6F009;
			remoteInfo = "about-me";
		};
/* End PBXContainerItemProxy section */

/* Begin PBXFileReference section */
		793A5B9E2B6768C000D6F009 /* about-me.app */ = {isa = PBXFileReference; explicitFileType = wrapper.application; includeInIndex = 0; path = "about-me.app"; sourceTree = BUILT_PRODUCTS_DIR; };
		793A5BA12B6768C000D6F009 /* about_meApp.swift */ = {isa = PBXFileReference; lastKnownFileType = sourcecode.swift; path = about_meApp.swift; sourceTree = "<group>"; };
		793A5BA32B6768C000D6F009 /* ContentView.swift */ = {isa = PBXFileReference; lastKnownFileType = sourcecode.swift; path = ContentView.swift; sourceTree = "<group>"; };
		793A5BA52B6768C100D6F009 /* Assets.xcassets */ = {isa = PBXFileReference; lastKnownFileType = folder.assetcatalog; path = Assets.xcassets; sourceTree = "<group>"; };
		793A5BA72B6768C100D6F009 /* about_me.entitlements */ = {isa = PBXFileReference; lastKnownFileType = text.plist.entitlements; path = about_me.entitlements; sourceTree = "<group>"; };
		793A5BA92B6768C100D6F009 /* Preview Assets.xcassets */ = {isa = PBXFileReference; lastKnownFileType = folder.assetcatalog; path = "Preview Assets.xcassets"; sourceTree = "<group>"; };
		793A5BAF2B6768C100D6F009 /* about-meTests.xctest */ = {isa = PBXFileReference; explicitFileType = wrapper.cfbundle; includeInIndex = 0; path = "about-meTests.xctest"; sourceTree = BUILT_PRODUCTS_DIR; };
		793A5BB32B6768C100D6F009 /* about_meTests.swift */ = {isa = PBXFileReference; lastKnownFileType = sourcecode.swift; path = about_meTests.swift; sourceTree = "<group>"; };
		793A5BB92B6768C100D6F009 /* about-meUITests.xctest */ = {isa = PBXFileReference; explicitFileType = wrapper.cfbundle; includeInIndex = 0; path = "about-meUITests.xctest"; sourceTree = BUILT_PRODUCTS_DIR; };
		793A5BBD2B6768C100D6F009 /* about_meUITests.swift */ = {isa = PBXFileReference; lastKnownFileType = sourcecode.swift; path = about_meUITests.swift; sourceTree = "<group>"; };
		793A5BBF2B6768C100D6F009 /* about_meUITestsLaunchTests.swift */ = {isa = PBXFileReference; lastKnownFileType = sourcecode.swift; path = about_meUITestsLaunchTests.swift; sourceTree = "<group>"; };
/* End PBXFileReference section */

/* Begin PBXFrameworksBuildPhase section */
		793A5B9B2B6768C000D6F009 /* Frameworks */ = {
			isa = PBXFrameworksBuildPhase;
			buildActionMask = 2147483647;
			files = (
			);
			runOnlyForDeploymentPostprocessing = 0;
		};
		793A5BAC2B6768C100D6F009 /* Frameworks */ = {
			isa = PBXFrameworksBuildPhase;
			buildActionMask = 2147483647;
			files = (
			);
			runOnlyForDeploymentPostprocessing = 0;
		};
		793A5BB62B6768C100D6F009 /* Frameworks */ = {
			isa = PBXFrameworksBuildPhase;
			buildActionMask = 2147483647;
			files = (
			);
			runOnlyForDeploymentPostprocessing = 0;
		};
/* End PBXFrameworksBuildPhase section */

/* Begin PBXGroup section */
		793A5B952B6768C000D6F009 = {
			isa = PBXGroup;
			children = (
				793A5BA02B6768C000D6F009 /* about-me */,
				793A5BB22B6768C100D6F009 /* about-meTests */,
				793A5BBC2B6768C100D6F009 /* about-meUITests */,
				793A5B9F2B6768C000D6F009 /* Products */,
			);
			sourceTree = "<group>";
		};
		793A5B9F2B6768C000D6F009 /* Products */ = {
			isa = PBXGroup;
			children = (
				793A5B9E2B6768C000D6F009 /* about-me.app */,
				793A5BAF2B6768C100D6F009 /* about-meTests.xctest */,
				793A5BB92B6768C100D6F009 /* about-meUITests.xctest */,
			);
			name = Products;
			sourceTree = "<group>";
		};
		793A5BA02B6768C000D6F009 /* about-me */ = {
			isa = PBXGroup;
			children = (
				793A5BA12B6768C000D6F009 /* about_meApp.swift */,
				793A5BA32B6768C000D6F009 /* ContentView.swift */,
				793A5BA52B6768C100D6F009 /* Assets.xcassets */,
				793A5BA72B6768C100D6F009 /* about_me.entitlements */,
				793A5BA82B6768C100D6F009 /* Preview Content */,
			);
			path = "about-me";
			sourceTree = "<group>";
		};
		793A5BA82B6768C100D6F009 /* Preview Content */ = {
			isa = PBXGroup;
			children = (
				793A5BA92B6768C100D6F009 /* Preview Assets.xcassets */,
			);
			path = "Preview Content";
			sourceTree = "<group>";
		};
		793A5BB22B6768C100D6F009 /* about-meTests */ = {
			isa = PBXGroup;
			children = (
				793A5BB32B6768C100D6F009 /* about_meTests.swift */,
			);
			path = "about-meTests";
			sourceTree = "<group>";
		};
		793A5BBC2B6768C100D6F009 /* about-meUITests */ = {
			isa = PBXGroup;
			children = (
				793A5BBD2B6768C100D6F009 /* about_meUITests.swift */,
				793A5BBF2B6768C100D6F009 /* about_meUITestsLaunchTests.swift */,
			);
			path = "about-meUITests";
			sourceTree = "<group>";
		};
/* End PBXGroup section */

/* Begin PBXNativeTarget section */
		793A5B9D2B6768C000D6F009 /* about-me */ = {
			isa = PBXNativeTarget;
			buildConfigurationList = 793A5BC32B6768C100D6F009 /* Build configuration list for PBXNativeTarget "about-me" */;
			buildPhases = (
				793A5B9A2B6768C000D6F009 /* Sources */,
				793A5B9B2B6768C000D6F009 /* Frameworks */,
				793A5B9C2B6768C000D6F009 /* Resources */,
			);
			buildRules = (
			);
			dependencies = (
			);
			name = "about-me";
			productName = "about-me";
			productReference = 793A5B9E2B6768C000D6F009 /* about-me.app */;
			productType = "com.apple.product-type.application";
		};
		793A5BAE2B6768C100D6F009 /* about-meTests */ = {
			isa = PBXNativeTarget;
			buildConfigurationList = 793A5BC62B6768C100D6F009 /* Build configuration list for PBXNativeTarget "about-meTests" */;
			buildPhases = (
				793A5BAB2B6768C100D6F009 /* Sources */,
				793A5BAC2B6768C100D6F009 /* Frameworks */,
				793A5BAD2B6768C100D6F009 /* Resources */,
			);
			buildRules = (
			);
			dependencies = (
				793A5BB12B6768C100D6F009 /* PBXTargetDependency */,
			);
			name = "about-meTests";
			productName = "about-meTests";
			productReference = 793A5BAF2B6768C100D6F009 /* about-meTests.xctest */;
			productType = "com.apple.product-type.bundle.unit-test";
		};
		793A5BB82B6768C100D6F009 /* about-meUITests */ = {
			isa = PBXNativeTarget;
			buildConfigurationList = 793A5BC92B6768C100D6F009 /* Build configuration list for PBXNativeTarget "about-meUITests" */;
			buildPhases = (
				793A5BB52B6768C100D6F009 /* Sources */,
				793A5BB62B6768C100D6F009 /* Frameworks */,
				793A5BB72B6768C100D6F009 /* Resources */,
			);
			buildRules = (
			);
			dependencies = (
				793A5BBB2B6768C100D6F009 /* PBXTargetDependency */,
			);
			name = "about-meUITests";
			productName = "about-meUITests";
			productReference = 793A5BB92B6768C100D6F009 /* about-meUITests.xctest */;
			productType = "com.apple.product-type.bundle.ui-testing";
		};
/* End PBXNativeTarget section */

/* Begin PBXProject section */
		793A5B962B6768C000D6F009 /* Project object */ = {
			isa = PBXProject;
			attributes = {
				BuildIndependentTargetsInParallel = 1;
				LastSwiftUpdateCheck = 1510;
				LastUpgradeCheck = 1510;
				TargetAttributes = {
					793A5B9D2B6768C000D6F009 = {
						CreatedOnToolsVersion = 15.1;
					};
					793A5BAE2B6768C100D6F009 = {
						CreatedOnToolsVersion = 15.1;
						TestTargetID = 793A5B9D2B6768C000D6F009;
					};
					793A5BB82B6768C100D6F009 = {
						CreatedOnToolsVersion = 15.1;
						TestTargetID = 793A5B9D2B6768C000D6F009;
					};
				};
			};
			buildConfigurationList = 793A5B992B6768C000D6F009 /* Build configuration list for PBXProject "about-me" */;
			compatibilityVersion = "Xcode 14.0";
			developmentRegion = en;
			hasScannedForEncodings = 0;
			knownRegions = (
				en,
				Base,
			);
			mainGroup = 793A5B952B6768C000D6F009;
			productRefGroup = 793A5B9F2B6768C000D6F009 /* Products */;
			projectDirPath = "";
			projectRoot = "";
			targets = (
				793A5B9D2B6768C000D6F009 /* about-me */,
				793A5BAE2B6768C100D6F009 /* about-meTests */,
				793A5BB82B6768C100D6F009 /* about-meUITests */,
			);
		};
/* End PBXProject section */

/* Begin PBXResourcesBuildPhase section */
		793A5B9C2B6768C000D6F009 /* Resources */ = {
			isa = PBXResourcesBuildPhase;
			buildActionMask = 2147483647;
			files = (
				793A5BAA2B6768C100D6F009 /* Preview Assets.xcassets in Resources */,
				793A5BA62B6768C100D6F009 /* Assets.xcassets in Resources */,
			);
			runOnlyForDeploymentPostprocessing = 0;
		};
		793A5BAD2B6768C100D6F009 /* Resources */ = {
			isa = PBXResourcesBuildPhase;
			buildActionMask = 2147483647;
			files = (
			);
			runOnlyForDeploymentPostprocessing = 0;
		};
		793A5BB72B6768C100D6F009 /* Resources */ = {
			isa = PBXResourcesBuildPhase;
			buildActionMask = 2147483647;
			files = (
			);
			runOnlyForDeploymentPostprocessing = 0;
		};
/* End PBXResourcesBuildPhase section */

/* Begin PBXSourcesBuildPhase section */
		793A5B9A2B6768C000D6F009 /* Sources */ = {
			isa = PBXSourcesBuildPhase;
			buildActionMask = 2147483647;
			files = (
				793A5BA42B6768C000D6F009 /* ContentView.swift in Sources */,
				793A5BA22B6768C000D6F009 /* about_meApp.swift in Sources */,
			);
			runOnlyForDeploymentPostprocessing = 0;
		};
		793A5BAB2B6768C100D6F009 /* Sources */ = {
			isa = PBXSourcesBuildPhase;
			buildActionMask = 2147483647;
			files = (
				793A5BB42B6768C100D6F009 /* about_meTests.swift in Sources */,
			);
			runOnlyForDeploymentPostprocessing = 0;
		};
		793A5BB52B6768C100D6F009 /* Sources */ = {
			isa = PBXSourcesBuildPhase;
			buildActionMask = 2147483647;
			files = (
				793A5BC02B6768C100D6F009 /* about_meUITestsLaunchTests.swift in Sources */,
				793A5BBE2B6768C100D6F009 /* about_meUITests.swift in Sources */,
			);
			runOnlyForDeploymentPostprocessing = 0;
		};
/* End PBXSourcesBuildPhase section */

/* Begin PBXTargetDependency section */
		793A5BB12B6768C100D6F009 /* PBXTargetDependency */ = {
			isa = PBXTargetDependency;
			target = 793A5B9D2B6768C000D6F009 /* about-me */;
			targetProxy = 793A5BB02B6768C100D6F009 /* PBXContainerItemProxy */;
		};
		793A5BBB2B6768C100D6F009 /* PBXTargetDependency */ = {
			isa = PBXTargetDependency;
			target = 793A5B9D2B6768C000D6F009 /* about-me */;
			targetProxy = 793A5BBA2B6768C100D6F009 /* PBXContainerItemProxy */;
		};
/* End PBXTargetDependency section */

/* Begin XCBuildConfiguration section */
		793A5BC12B6768C100D6F009 /* Debug */ = {
			isa = XCBuildConfiguration;
			buildSettings = {
				ALWAYS_SEARCH_USER_PATHS = NO;
				ASSETCATALOG_COMPILER_GENERATE_SWIFT_ASSET_SYMBOL_EXTENSIONS = YES;
				CLANG_ANALYZER_NONNULL = YES;
				CLANG_ANALYZER_NUMBER_OBJECT_CONVERSION = YES_AGGRESSIVE;
				CLANG_CXX_LANGUAGE_STANDARD = "gnu++20";
				CLANG_ENABLE_MODULES = YES;
				CLANG_ENABLE_OBJC_ARC = YES;
				CLANG_ENABLE_OBJC_WEAK = YES;
				CLANG_WARN_BLOCK_CAPTURE_AUTORELEASING = YES;
				CLANG_WARN_BOOL_CONVERSION = YES;
				CLANG_WARN_COMMA = YES;
				CLANG_WARN_CONSTANT_CONVERSION = YES;
				CLANG_WARN_DEPRECATED_OBJC_IMPLEMENTATIONS = YES;
				CLANG_WARN_DIRECT_OBJC_ISA_USAGE = YES_ERROR;
				CLANG_WARN_DOCUMENTATION_COMMENTS = YES;
				CLANG_WARN_EMPTY_BODY = YES;
				CLANG_WARN_ENUM_CONVERSION = YES;
				CLANG_WARN_INFINITE_RECURSION = YES;
				CLANG_WARN_INT_CONVERSION = YES;
				CLANG_WARN_NON_LITERAL_NULL_CONVERSION = YES;
				CLANG_WARN_OBJC_IMPLICIT_RETAIN_SELF = YES;
				CLANG_WARN_OBJC_LITERAL_CONVERSION = YES;
				CLANG_WARN_OBJC_ROOT_CLASS = YES_ERROR;
				CLANG_WARN_QUOTED_INCLUDE_IN_FRAMEWORK_HEADER = YES;
				CLANG_WARN_RANGE_LOOP_ANALYSIS = YES;
				CLANG_WARN_STRICT_PROTOTYPES = YES;
				CLANG_WARN_SUSPICIOUS_MOVE = YES;
				CLANG_WARN_UNGUARDED_AVAILABILITY = YES_AGGRESSIVE;
				CLANG_WARN_UNREACHABLE_CODE = YES;
				CLANG_WARN__DUPLICATE_METHOD_MATCH = YES;
				COPY_PHASE_STRIP = NO;
				DEBUG_INFORMATION_FORMAT = dwarf;
				ENABLE_STRICT_OBJC_MSGSEND = YES;
				ENABLE_TESTABILITY = YES;
				ENABLE_USER_SCRIPT_SANDBOXING = YES;
				GCC_C_LANGUAGE_STANDARD = gnu17;
				GCC_DYNAMIC_NO_PIC = NO;
				GCC_NO_COMMON_BLOCKS = YES;
				GCC_OPTIMIZATION_LEVEL = 0;
				GCC_PREPROCESSOR_DEFINITIONS = (
					"DEBUG=1",
					"$(inherited)",
				);
				GCC_WARN_64_TO_32_BIT_CONVERSION = YES;
				GCC_WARN_ABOUT_RETURN_TYPE = YES_ERROR;
				GCC_WARN_UNDECLARED_SELECTOR = YES;
				GCC_WARN_UNINITIALIZED_AUTOS = YES_AGGRESSIVE;
				GCC_WARN_UNUSED_FUNCTION = YES;
				GCC_WARN_UNUSED_VARIABLE = YES;
				LOCALIZATION_PREFERS_STRING_CATALOGS = YES;
				MTL_ENABLE_DEBUG_INFO = INCLUDE_SOURCE;
				MTL_FAST_MATH = YES;
				ONLY_ACTIVE_ARCH = YES;
				SWIFT_ACTIVE_COMPILATION_CONDITIONS = "DEBUG $(inherited)";
				SWIFT_OPTIMIZATION_LEVEL = "-Onone";
			};
			name = Debug;
		};
		793A5BC22B6768C100D6F009 /* Release */ = {
			isa = XCBuildConfiguration;
			buildSettings = {
				ALWAYS_SEARCH_USER_PATHS = NO;
				ASSETCATALOG_COMPILER_GENERATE_SWIFT_ASSET_SYMBOL_EXTENSIONS = YES;
				CLANG_ANALYZER_NONNULL = YES;
				CLANG_ANALYZER_NUMBER_OBJECT_CONVERSION = YES_AGGRESSIVE;
				CLANG_CXX_LANGUAGE_STANDARD = "gnu++20";
				CLANG_ENABLE_MODULES = YES;
				CLANG_ENABLE_OBJC_ARC = YES;
				CLANG_ENABLE_OBJC_WEAK = YES;
				CLANG_WARN_BLOCK_CAPTURE_AUTORELEASING = YES;
				CLANG_WARN_BOOL_CONVERSION = YES;
				CLANG_WARN_COMMA = YES;
				CLANG_WARN_CONSTANT_CONVERSION = YES;
				CLANG_WARN_DEPRECATED_OBJC_IMPLEMENTATIONS = YES;
				CLANG_WARN_DIRECT_OBJC_ISA_USAGE = YES_ERROR;
				CLANG_WARN_DOCUMENTATION_COMMENTS = YES;
				CLANG_WARN_EMPTY_BODY = YES;
				CLANG_WARN_ENUM_CONVERSION = YES;
				CLANG_WARN_INFINITE_RECURSION = YES;
				CLANG_WARN_INT_CONVERSION = YES;
				CLANG_WARN_NON_LITERAL_NULL_CONVERSION = YES;
				CLANG_WARN_OBJC_IMPLICIT_RETAIN_SELF = YES;
				CLANG_WARN_OBJC_LITERAL_CONVERSION = YES;
				CLANG_WARN_OBJC_ROOT_CLASS = YES_ERROR;
				CLANG_WARN_QUOTED_INCLUDE_IN_FRAMEWORK_HEADER = YES;
				CLANG_WARN_RANGE_LOOP_ANALYSIS = YES;
				CLANG_WARN_STRICT_PROTOTYPES = YES;
				CLANG_WARN_SUSPICIOUS_MOVE = YES;
				CLANG_WARN_UNGUARDED_AVAILABILITY = YES_AGGRESSIVE;
				CLANG_WARN_UNREACHABLE_CODE = YES;
				CLANG_WARN__DUPLICATE_METHOD_MATCH = YES;
				COPY_PHASE_STRIP = NO;
				DEBUG_INFORMATION_FORMAT = "dwarf-with-dsym";
				ENABLE_NS_ASSERTIONS = NO;
				ENABLE_STRICT_OBJC_MSGSEND = YES;
				ENABLE_USER_SCRIPT_SANDBOXING = YES;
				GCC_C_LANGUAGE_STANDARD = gnu17;
				GCC_NO_COMMON_BLOCKS = YES;
				GCC_WARN_64_TO_32_BIT_CONVERSION = YES;
				GCC_WARN_ABOUT_RETURN_TYPE = YES_ERROR;
				GCC_WARN_UNDECLARED_SELECTOR = YES;
				GCC_WARN_UNINITIALIZED_AUTOS = YES_AGGRESSIVE;
				GCC_WARN_UNUSED_FUNCTION = YES;
				GCC_WARN_UNUSED_VARIABLE = YES;
				LOCALIZATION_PREFERS_STRING_CATALOGS = YES;
				MTL_ENABLE_DEBUG_INFO = NO;
				MTL_FAST_MATH = YES;
				SWIFT_COMPILATION_MODE = wholemodule;
			};
			name = Release;
		};
		793A5BC42B6768C100D6F009 /* Debug */ = {
			isa = XCBuildConfiguration;
			buildSettings = {
				ASSETCATALOG_COMPILER_APPICON_NAME = AppIcon;
				ASSETCATALOG_COMPILER_GLOBAL_ACCENT_COLOR_NAME = AccentColor;
				CODE_SIGN_ENTITLEMENTS = "about-me/about_me.entitlements";
				CODE_SIGN_STYLE = Automatic;
				CURRENT_PROJECT_VERSION = 1;
				DEVELOPMENT_ASSET_PATHS = "\"about-me/Preview Content\"";
				DEVELOPMENT_TEAM = A7W3PW83NK;
				ENABLE_HARDENED_RUNTIME = YES;
				ENABLE_PREVIEWS = YES;
				GENERATE_INFOPLIST_FILE = YES;
				"INFOPLIST_KEY_UIApplicationSceneManifest_Generation[sdk=iphoneos*]" = YES;
				"INFOPLIST_KEY_UIApplicationSceneManifest_Generation[sdk=iphonesimulator*]" = YES;
				"INFOPLIST_KEY_UIApplicationSupportsIndirectInputEvents[sdk=iphoneos*]" = YES;
				"INFOPLIST_KEY_UIApplicationSupportsIndirectInputEvents[sdk=iphonesimulator*]" = YES;
				"INFOPLIST_KEY_UILaunchScreen_Generation[sdk=iphoneos*]" = YES;
				"INFOPLIST_KEY_UILaunchScreen_Generation[sdk=iphonesimulator*]" = YES;
				"INFOPLIST_KEY_UIStatusBarStyle[sdk=iphoneos*]" = UIStatusBarStyleDefault;
				"INFOPLIST_KEY_UIStatusBarStyle[sdk=iphonesimulator*]" = UIStatusBarStyleDefault;
				INFOPLIST_KEY_UISupportedInterfaceOrientations_iPad = "UIInterfaceOrientationPortrait UIInterfaceOrientationPortraitUpsideDown UIInterfaceOrientationLandscapeLeft UIInterfaceOrientationLandscapeRight";
				INFOPLIST_KEY_UISupportedInterfaceOrientations_iPhone = "UIInterfaceOrientationPortrait UIInterfaceOrientationLandscapeLeft UIInterfaceOrientationLandscapeRight";
				IPHONEOS_DEPLOYMENT_TARGET = 17.2;
				LD_RUNPATH_SEARCH_PATHS = "@executable_path/Frameworks";
				"LD_RUNPATH_SEARCH_PATHS[sdk=macosx*]" = "@executable_path/../Frameworks";
				MACOSX_DEPLOYMENT_TARGET = 14.2;
				MARKETING_VERSION = 1.0;
				PRODUCT_BUNDLE_IDENTIFIER = "example.com.about-me";
				PRODUCT_NAME = "$(TARGET_NAME)";
				SDKROOT = auto;
				SUPPORTED_PLATFORMS = "iphoneos iphonesimulator macosx";
				SWIFT_EMIT_LOC_STRINGS = YES;
				SWIFT_VERSION = 5.0;
				TARGETED_DEVICE_FAMILY = "1,2";
			};
			name = Debug;
		};
		793A5BC52B6768C100D6F009 /* Release */ = {
			isa = XCBuildConfiguration;
			buildSettings = {
				ASSETCATALOG_COMPILER_APPICON_NAME = AppIcon;
				ASSETCATALOG_COMPILER_GLOBAL_ACCENT_COLOR_NAME = AccentColor;
				CODE_SIGN_ENTITLEMENTS = "about-me/about_me.entitlements";
				CODE_SIGN_STYLE = Automatic;
				CURRENT_PROJECT_VERSION = 1;
				DEVELOPMENT_ASSET_PATHS = "\"about-me/Preview Content\"";
				DEVELOPMENT_TEAM = A7W3PW83NK;
				ENABLE_HARDENED_RUNTIME = YES;
				ENABLE_PREVIEWS = YES;
				GENERATE_INFOPLIST_FILE = YES;
				"INFOPLIST_KEY_UIApplicationSceneManifest_Generation[sdk=iphoneos*]" = YES;
				"INFOPLIST_KEY_UIApplicationSceneManifest_Generation[sdk=iphonesimulator*]" = YES;
				"INFOPLIST_KEY_UIApplicationSupportsIndirectInputEvents[sdk=iphoneos*]" = YES;
				"INFOPLIST_KEY_UIApplicationSupportsIndirectInputEvents[sdk=iphonesimulator*]" = YES;
				"INFOPLIST_KEY_UILaunchScreen_Generation[sdk=iphoneos*]" = YES;
				"INFOPLIST_KEY_UILaunchScreen_Generation[sdk=iphonesimulator*]" = YES;
				"INFOPLIST_KEY_UIStatusBarStyle[sdk=iphoneos*]" = UIStatusBarStyleDefault;
				"INFOPLIST_KEY_UIStatusBarStyle[sdk=iphonesimulator*]" = UIStatusBarStyleDefault;
				INFOPLIST_KEY_UISupportedInterfaceOrientations_iPad = "UIInterfaceOrientationPortrait UIInterfaceOrientationPortraitUpsideDown UIInterfaceOrientationLandscapeLeft UIInterfaceOrientationLandscapeRight";
				INFOPLIST_KEY_UISupportedInterfaceOrientations_iPhone = "UIInterfaceOrientationPortrait UIInterfaceOrientationLandscapeLeft UIInterfaceOrientationLandscapeRight";
				IPHONEOS_DEPLOYMENT_TARGET = 17.2;
				LD_RUNPATH_SEARCH_PATHS = "@executable_path/Frameworks";
				"LD_RUNPATH_SEARCH_PATHS[sdk=macosx*]" = "@executable_path/../Frameworks";
				MACOSX_DEPLOYMENT_TARGET = 14.2;
				MARKETING_VERSION = 1.0;
				PRODUCT_BUNDLE_IDENTIFIER = "example.com.about-me";
				PRODUCT_NAME = "$(TARGET_NAME)";
				SDKROOT = auto;
				SUPPORTED_PLATFORMS = "iphoneos iphonesimulator macosx";
				SWIFT_EMIT_LOC_STRINGS = YES;
				SWIFT_VERSION = 5.0;
				TARGETED_DEVICE_FAMILY = "1,2";
			};
			name = Release;
		};
		793A5BC72B6768C100D6F009 /* Debug */ = {
			isa = XCBuildConfiguration;
			buildSettings = {
				ALWAYS_EMBED_SWIFT_STANDARD_LIBRARIES = YES;
				BUNDLE_LOADER = "$(TEST_HOST)";
				CODE_SIGN_STYLE = Automatic;
				CURRENT_PROJECT_VERSION = 1;
				DEVELOPMENT_TEAM = A7W3PW83NK;
				GENERATE_INFOPLIST_FILE = YES;
				IPHONEOS_DEPLOYMENT_TARGET = 17.2;
				MACOSX_DEPLOYMENT_TARGET = 14.2;
				MARKETING_VERSION = 1.0;
				PRODUCT_BUNDLE_IDENTIFIER = "example.com.about-meTests";
				PRODUCT_NAME = "$(TARGET_NAME)";
				SDKROOT = auto;
				SUPPORTED_PLATFORMS = "iphoneos iphonesimulator macosx";
				SWIFT_EMIT_LOC_STRINGS = NO;
				SWIFT_VERSION = 5.0;
				TARGETED_DEVICE_FAMILY = "1,2";
				TEST_HOST = "$(BUILT_PRODUCTS_DIR)/about-me.app/$(BUNDLE_EXECUTABLE_FOLDER_PATH)/about-me";
			};
			name = Debug;
		};
		793A5BC82B6768C100D6F009 /* Release */ = {
			isa = XCBuildConfiguration;
			buildSettings = {
				ALWAYS_EMBED_SWIFT_STANDARD_LIBRARIES = YES;
				BUNDLE_LOADER = "$(TEST_HOST)";
				CODE_SIGN_STYLE = Automatic;
				CURRENT_PROJECT_VERSION = 1;
				DEVELOPMENT_TEAM = A7W3PW83NK;
				GENERATE_INFOPLIST_FILE = YES;
				IPHONEOS_DEPLOYMENT_TARGET = 17.2;
				MACOSX_DEPLOYMENT_TARGET = 14.2;
				MARKETING_VERSION = 1.0;
				PRODUCT_BUNDLE_IDENTIFIER = "example.com.about-meTests";
				PRODUCT_NAME = "$(TARGET_NAME)";
				SDKROOT = auto;
				SUPPORTED_PLATFORMS = "iphoneos iphonesimulator macosx";
				SWIFT_EMIT_LOC_STRINGS = NO;
				SWIFT_VERSION = 5.0;
				TARGETED_DEVICE_FAMILY = "1,2";
				TEST_HOST = "$(BUILT_PRODUCTS_DIR)/about-me.app/$(BUNDLE_EXECUTABLE_FOLDER_PATH)/about-me";
			};
			name = Release;
		};
		793A5BCA2B6768C100D6F009 /* Debug */ = {
			isa = XCBuildConfiguration;
			buildSettings = {
				ALWAYS_EMBED_SWIFT_STANDARD_LIBRARIES = YES;
				CODE_SIGN_STYLE = Automatic;
				CURRENT_PROJECT_VERSION = 1;
				DEVELOPMENT_TEAM = A7W3PW83NK;
				GENERATE_INFOPLIST_FILE = YES;
				IPHONEOS_DEPLOYMENT_TARGET = 17.2;
				MACOSX_DEPLOYMENT_TARGET = 14.2;
				MARKETING_VERSION = 1.0;
				PRODUCT_BUNDLE_IDENTIFIER = "example.com.about-meUITests";
				PRODUCT_NAME = "$(TARGET_NAME)";
				SDKROOT = auto;
				SUPPORTED_PLATFORMS = "iphoneos iphonesimulator macosx";
				SWIFT_EMIT_LOC_STRINGS = NO;
				SWIFT_VERSION = 5.0;
				TARGETED_DEVICE_FAMILY = "1,2";
				TEST_TARGET_NAME = "about-me";
			};
			name = Debug;
		};
		793A5BCB2B6768C100D6F009 /* Release */ = {
			isa = XCBuildConfiguration;
			buildSettings = {
				ALWAYS_EMBED_SWIFT_STANDARD_LIBRARIES = YES;
				CODE_SIGN_STYLE = Automatic;
				CURRENT_PROJECT_VERSION = 1;
				DEVELOPMENT_TEAM = A7W3PW83NK;
				GENERATE_INFOPLIST_FILE = YES;
				IPHONEOS_DEPLOYMENT_TARGET = 17.2;
				MACOSX_DEPLOYMENT_TARGET = 14.2;
				MARKETING_VERSION = 1.0;
				PRODUCT_BUNDLE_IDENTIFIER = "example.com.about-meUITests";
				PRODUCT_NAME = "$(TARGET_NAME)";
				SDKROOT = auto;
				SUPPORTED_PLATFORMS = "iphoneos iphonesimulator macosx";
				SWIFT_EMIT_LOC_STRINGS = NO;
				SWIFT_VERSION = 5.0;
				TARGETED_DEVICE_FAMILY = "1,2";
				TEST_TARGET_NAME = "about-me";
			};
			name = Release;
		};
/* End XCBuildConfiguration section */

/* Begin XCConfigurationList section */
		793A5B992B6768C000D6F009 /* Build configuration list for PBXProject "about-me" */ = {
			isa = XCConfigurationList;
			buildConfigurations = (
				793A5BC12B6768C100D6F009 /* Debug */,
				793A5BC22B6768C100D6F009 /* Release */,
			);
			defaultConfigurationIsVisible = 0;
			defaultConfigurationName = Release;
		};
		793A5BC32B6768C100D6F009 /* Build configuration list for PBXNativeTarget "about-me" */ = {
			isa = XCConfigurationList;
			buildConfigurations = (
				793A5BC42B6768C100D6F009 /* Debug */,
				793A5BC52B6768C100D6F009 /* Release */,
			);
			defaultConfigurationIsVisible = 0;
			defaultConfigurationName = Release;
		};
		793A5BC62B6768C100D6F009 /* Build configuration list for PBXNativeTarget "about-meTests" */ = {
			isa = XCConfigurationList;
			buildConfigurations = (
				793A5BC72B6768C100D6F009 /* Debug */,
				793A5BC82B6768C100D6F009 /* Release */,
			);
			defaultConfigurationIsVisible = 0;
			defaultConfigurationName = Release;
		};
		793A5BC92B6768C100D6F009 /* Build configuration list for PBXNativeTarget "about-meUITests" */ = {
			isa = XCConfigurationList;
			buildConfigurations = (
				793A5BCA2B6768C100D6F009 /* Debug */,
				793A5BCB2B6768C100D6F009 /* Release */,
			);
			defaultConfigurationIsVisible = 0;
			defaultConfigurationName = Release;
		};
/* End XCConfigurationList section */
	};
	rootObject = 793A5B962B6768C000D6F009 /* Project object */;
}
